
Microsoft Visual Studio Solution File, Format Version 12.00
# Visual Studio Version 16
VisualStudioVersion = 16.0.31410.357
MinimumVisualStudioVersion = 10.0.40219.1
Project("{FAE04EC0-301F-11D3-BF4B-00C04F79EFBC}") = "Projet_Zoo", "Projet_Zoo\Projet_Zoo.csproj", "{DD36912E-6989-4ACD-BA1D-B6B7EB1E4BB3}"
EndProject
Project("{FAE04EC0-301F-11D3-BF4B-00C04F79EFBC}") = "Console_Zoo_Test", "Console_Zoo_Test\Console_Zoo_Test.csproj", "{9DA80285-B2E0-4D72-B08C-9CEFEC967061}"
EndProject
Global
	GlobalSection(SolutionConfigurationPlatforms) = preSolution
		Debug|Any CPU = Debug|Any CPU
		Release|Any CPU = Release|Any CPU
	EndGlobalSection
	GlobalSection(ProjectConfigurationPlatforms) = postSolution
		{DD36912E-6989-4ACD-BA1D-B6B7EB1E4BB3}.Debug|Any CPU.ActiveCfg = Debug|Any CPU
		{DD36912E-6989-4ACD-BA1D-B6B7EB1E4BB3}.Debug|Any CPU.Build.0 = Debug|Any CPU
		{DD36912E-6989-4ACD-BA1D-B6B7EB1E4BB3}.Release|Any CPU.ActiveCfg = Release|Any CPU
		{DD36912E-6989-4ACD-BA1D-B6B7EB1E4BB3}.Release|Any CPU.Build.0 = Release|Any CPU
		{9DA80285-B2E0-4D72-B08C-9CEFEC967061}.Debug|Any CPU.ActiveCfg = Debug|Any CPU
		{9DA80285-B2E0-4D72-B08C-9CEFEC967061}.Debug|Any CPU.Build.0 = Debug|Any CPU
		{9DA80285-B2E0-4D72-B08C-9CEFEC967061}.Release|Any CPU.ActiveCfg = Release|Any CPU
		{9DA80285-B2E0-4D72-B08C-9CEFEC967061}.Release|Any CPU.Build.0 = Release|Any CPU
	EndGlobalSection
	GlobalSection(SolutionProperties) = preSolution
		HideSolutionNode = FALSE
	EndGlobalSection
	GlobalSection(ExtensibilityGlobals) = postSolution
		SolutionGuid = {980B67ED-6326-46E4-8EA0-91960AE770E3}
	EndGlobalSection
EndGlobal
